{
  "version": 4,
  "terraform_version": "1.3.6",
  "serial": 11,
  "lineage": "ae8c2717-1ea9-bb8f-b299-2a237e6e189f",
  "outputs": {},
  "resources": [
    {
      "mode": "managed",
      "type": "google_sql_database",
      "name": "database",
      "provider": "provider[\"registry.terraform.io/hashicorp/google\"]",
      "instances": [
        {
          "schema_version": 0,
          "attributes": {
            "charset": "UTF8",
            "collation": "en_US.UTF8",
            "id": "projects/bucket-function-datastore/instances/pstgsq/databases/database_1",
            "instance": "pstgsq",
            "name": "database_1",
            "project": "bucket-function-datastore",
            "self_link": "https://www.googleapis.com/sql/v1beta4/projects/bucket-function-datastore/instances/pstgsq/databases/database_1",
            "timeouts": null
          },
          "sensitive_attributes": [],
          "private": "eyJlMmJmYjczMC1lY2FhLTExZTYtOGY4OC0zNDM2M2JjN2M0YzAiOnsiY3JlYXRlIjo5MDAwMDAwMDAwMDAsImRlbGV0ZSI6NjAwMDAwMDAwMDAwLCJ1cGRhdGUiOjYwMDAwMDAwMDAwMH19",
          "dependencies": [
            "google_sql_database_instance.instance"
          ]
        }
      ]
    },
    {
      "mode": "managed",
      "type": "google_sql_database_instance",
      "name": "instance",
      "provider": "provider[\"registry.terraform.io/hashicorp/google\"]",
      "instances": [
        {
          "schema_version": 0,
          "attributes": {
            "connection_name": "bucket-function-datastore:us-west1:pstgsq",
            "database_version": "POSTGRES_14",
            "first_ip_address": "35.233.177.0",
            "id": "pstgsq",
            "ip_address": [
              {
                "ip_address": "35.233.177.0",
                "time_to_retire": "",
                "type": "PRIMARY"
              },
              {
                "ip_address": "35.197.68.81",
                "time_to_retire": "",
                "type": "OUTGOING"
              }
            ],
            "master_instance_name": "",
            "name": "pstgsq",
            "private_ip_address": "",
            "project": "bucket-function-datastore",
            "public_ip_address": "35.233.177.0",
            "region": "us-west1",
            "replica_configuration": [],
            "self_link": "https://www.googleapis.com/sql/v1beta4/projects/bucket-function-datastore/instances/pstgsq",
            "server_ca_cert": [
              {
                "cert": "-----BEGIN CERTIFICATE-----\nMIIDfzCCAmegAwIBAgIBADANBgkqhkiG9w0BAQsFADB3MS0wKwYDVQQuEyQxZThm\nZTJjYy0zNTdjLTQ4MGItOTVmNC00ZmYyZmE1ZDEwNWYxIzAhBgNVBAMTGkdvb2ds\nZSBDbG91ZCBTUUwgU2VydmVyIENBMRQwEgYDVQQKEwtHb29nbGUsIEluYzELMAkG\nA1UEBhMCVVMwHhcNMjMwMTI0MTA1NDExWhcNMzMwMTIxMTA1NTExWjB3MS0wKwYD\nVQQuEyQxZThmZTJjYy0zNTdjLTQ4MGItOTVmNC00ZmYyZmE1ZDEwNWYxIzAhBgNV\nBAMTGkdvb2dsZSBDbG91ZCBTUUwgU2VydmVyIENBMRQwEgYDVQQKEwtHb29nbGUs\nIEluYzELMAkGA1UEBhMCVVMwggEiMA0GCSqGSIb3DQEBAQUAA4IBDwAwggEKAoIB\nAQCmTOxczloifcoxicgAafO+YR79KiXYW2rk7lv++gUKP32aWeqnaaKyhmKf6V+D\npimEuFjeL1J0qcmgjwLBYt/I7pA3te38cBt+AXR0iGgPr6hmK/xQymygnGcW+ID1\nFJnOTdbapbNh6LKyWOo+pOkxw6lN3GnQ/66qZqz0gPFB+wT/1IPA4HumxQjHnQtr\nqPfXtvoH3vg6XQxjQO6jkqxNL3TlidechMePTihm1DTLF7Lp3F8BU7CBTnuvR1HC\nJFibO5DQOz+iJXog0z2b7PIBI+fcw+ovztMqv6Y1xtib3kuIUNRdsps6FvZ+nSnr\ndvT55NwNhRXh0EBP/a2rm/2JAgMBAAGjFjAUMBIGA1UdEwEB/wQIMAYBAf8CAQAw\nDQYJKoZIhvcNAQELBQADggEBAJEHQHpfmT3NZtft+5nt4+bdq916CRcxtiDX3yHM\n3/bbpxfWpSJPhQkK+sVgvdrlOnszhkawvaosXp3KrNXR4pcw+6aiGK+puvkSoePv\n2kzPzAaBR5NdndQbPxRKNzrd7tHhK/99Q74IQGFhspGBwc2BdT6kKHVgHTf6DQmI\n00VsaPfTItCVcdBVgHV13E/wCsAXOGncj02Ea5sNV2xQTXv7Hoy0cynDsyaNDXWJ\noUiD0pRa5T0UMjQyd8P/IDd9NE7BmHybcIVsrezdlBPAHb7EDsBlYavybyNwBqDS\njWgIR7hOsJyOhvjgH/763UWY9uWo20RSco8SW2BySumBlfE=\n-----END CERTIFICATE-----",
                "common_name": "C=US,O=Google\\, Inc,CN=Google Cloud SQL Server CA,dnQualifier=1e8fe2cc-357c-480b-95f4-4ff2fa5d105f",
                "create_time": "2023-01-24T10:54:11.055Z",
                "expiration_time": "2033-01-21T10:55:11.055Z",
                "sha1_fingerprint": "416f0408da8511f6e2c6ca8eef18e152909508cd"
              }
            ],
            "service_account_email_address": "p545398873589-4l17dq@gcp-sa-cloud-sql.iam.gserviceaccount.com",
            "settings": [
              {
                "activation_policy": "ALWAYS",
                "authorized_gae_applications": null,
                "availability_type": "ZONAL",
                "backup_configuration": [
                  {
                    "binary_log_enabled": false,
                    "enabled": false,
                    "location": "",
                    "start_time": "15:00"
                  }
                ],
                "crash_safe_replication": false,
                "database_flags": [],
                "disk_autoresize": true,
                "disk_size": 10,
                "disk_type": "PD_SSD",
                "ip_configuration": [
                  {
                    "authorized_networks": [],
                    "ipv4_enabled": true,
                    "private_network": "",
                    "require_ssl": false
                  }
                ],
                "location_preference": [
                  {
                    "follow_gae_application": "",
                    "zone": "us-west1-a"
                  }
                ],
                "maintenance_window": [],
                "pricing_plan": "PER_USE",
                "replication_type": "SYNCHRONOUS",
                "tier": "db-f1-micro",
                "user_labels": null,
                "version": 1
              }
            ],
            "timeouts": null
          },
          "sensitive_attributes": [],
          "private": "eyJlMmJmYjczMC1lY2FhLTExZTYtOGY4OC0zNDM2M2JjN2M0YzAiOnsiY3JlYXRlIjoxMjAwMDAwMDAwMDAwLCJkZWxldGUiOjEyMDAwMDAwMDAwMDAsInVwZGF0ZSI6MTIwMDAwMDAwMDAwMH19"
        }
      ]
    },
    {
      "mode": "managed",
      "type": "google_sql_user",
      "name": "users",
      "provider": "provider[\"registry.terraform.io/hashicorp/google\"]",
      "instances": [
        {
          "schema_version": 1,
          "attributes": {
            "host": "",
            "id": "rahul//pstgsq",
            "instance": "pstgsq",
            "name": "rahul",
            "password": "rahul",
            "project": "bucket-function-datastore"
          },
          "sensitive_attributes": [],
          "private": "eyJzY2hlbWFfdmVyc2lvbiI6IjEifQ==",
          "dependencies": [
            "google_sql_database_instance.instance"
          ]
        }
      ]
    }
  ],
  "check_results": null
}
