{
  "version": 4,
  "terraform_version": "1.3.6",
  "serial": 4,
  "lineage": "ae8c2717-1ea9-bb8f-b299-2a237e6e189f",
  "outputs": {},
  "resources": [
    {
      "mode": "managed",
      "type": "google_sql_database",
      "name": "database",
      "provider": "provider[\"registry.terraform.io/hashicorp/google\"]",
      "instances": [
        {
          "schema_version": 0,
          "attributes": {
            "charset": "UTF8",
            "collation": "en_US.UTF8",
            "id": "projects/bucket-function-datastore/instances/pstgsq/databases/database_1",
            "instance": "pstgsq",
            "name": "database_1",
            "project": "bucket-function-datastore",
            "self_link": "https://www.googleapis.com/sql/v1beta4/projects/bucket-function-datastore/instances/pstgsq/databases/database_1",
            "timeouts": null
          },
          "sensitive_attributes": [],
          "private": "eyJlMmJmYjczMC1lY2FhLTExZTYtOGY4OC0zNDM2M2JjN2M0YzAiOnsiY3JlYXRlIjo5MDAwMDAwMDAwMDAsImRlbGV0ZSI6NjAwMDAwMDAwMDAwLCJ1cGRhdGUiOjYwMDAwMDAwMDAwMH19",
          "dependencies": [
            "google_sql_database_instance.instance"
          ]
        }
      ]
    },
    {
      "mode": "managed",
      "type": "google_sql_database_instance",
      "name": "instance",
      "provider": "provider[\"registry.terraform.io/hashicorp/google\"]",
      "instances": [
        {
          "schema_version": 0,
          "attributes": {
            "connection_name": "bucket-function-datastore:us-west1:pstgsq",
            "database_version": "POSTGRES_14",
            "first_ip_address": "34.168.220.225",
            "id": "pstgsq",
            "ip_address": [
              {
                "ip_address": "34.168.220.225",
                "time_to_retire": "",
                "type": "PRIMARY"
              },
              {
                "ip_address": "35.233.177.0",
                "time_to_retire": "",
                "type": "OUTGOING"
              }
            ],
            "master_instance_name": "",
            "name": "pstgsq",
            "private_ip_address": "",
            "project": "bucket-function-datastore",
            "public_ip_address": "34.168.220.225",
            "region": "us-west1",
            "replica_configuration": [],
            "self_link": "https://www.googleapis.com/sql/v1beta4/projects/bucket-function-datastore/instances/pstgsq",
            "server_ca_cert": [
              {
                "cert": "-----BEGIN CERTIFICATE-----\nMIIDfzCCAmegAwIBAgIBADANBgkqhkiG9w0BAQsFADB3MS0wKwYDVQQuEyQwNThk\nYzY0NC1hZWEyLTQwOTgtODI5ZC05Y2MwMTRjYTFiZmUxIzAhBgNVBAMTGkdvb2ds\nZSBDbG91ZCBTUUwgU2VydmVyIENBMRQwEgYDVQQKEwtHb29nbGUsIEluYzELMAkG\nA1UEBhMCVVMwHhcNMjMwMTI0MDkyMDMzWhcNMzMwMTIxMDkyMTMzWjB3MS0wKwYD\nVQQuEyQwNThkYzY0NC1hZWEyLTQwOTgtODI5ZC05Y2MwMTRjYTFiZmUxIzAhBgNV\nBAMTGkdvb2dsZSBDbG91ZCBTUUwgU2VydmVyIENBMRQwEgYDVQQKEwtHb29nbGUs\nIEluYzELMAkGA1UEBhMCVVMwggEiMA0GCSqGSIb3DQEBAQUAA4IBDwAwggEKAoIB\nAQDUs3h4QpmtxfYa33yi8Cq9sFP/HXIFI4Js+mqTjXEzSKHDhRNoZn/ZwqhHvEHI\n1s/cE8Jl9bASNIu9WLqUxjpuyzw5moBwRdXy7I+/mPlk7M4cQ2pn0m3Wml3sdKrh\n3yzfyIUiauqv0X5kxOaPFCkMyRRJcumr5mlnsl9iBIGP1cEwLGNug3x7lThziDru\no/P7aEnBRXv/vJX/yjNFA54EQ1WJx/7KgJNfioIZET+G9BLFcFA20BvbK4AZVNat\nQI42xx8iJ4imMN8mbtNi5ENtKL5qXYe2rb3S4UwnETFNZLh1//PDtoYxFzM3xzHR\nAmdhbOfDSeN0jjGqqJxMJgcZAgMBAAGjFjAUMBIGA1UdEwEB/wQIMAYBAf8CAQAw\nDQYJKoZIhvcNAQELBQADggEBAAWn0l0o2HplJefp2s7qrqk0b++kgHk4dkoFxwXZ\nG+eR5nNO9HULiHwF6GPXia33g0fxU16aeTyv8O+uTIVZjE8zoiptectaJws1RjE2\ndUPk040trOgrfbidz3eO5gdlq1INULVps0gvDZ/Hp8lwqRl4jfkFQ5/OrXo20Xof\nj0eCt3IhN/EaHoE8irUePtUtZTzaQGsebHhW7RH04uCjAPJnNhUqqz+267ltvL6M\noSXZ4WXZh1wuJrwGbXZtIaxx4j8ZCOMNlo8WVMPAHjzkm06Vc+vV+unChfhZKGAl\nVJI4k8+ejEjFBLvk1nUd76l2gMvcRBMDQIf1nzH+xiDo5l8=\n-----END CERTIFICATE-----",
                "common_name": "C=US,O=Google\\, Inc,CN=Google Cloud SQL Server CA,dnQualifier=058dc644-aea2-4098-829d-9cc014ca1bfe",
                "create_time": "2023-01-24T09:20:33.420Z",
                "expiration_time": "2033-01-21T09:21:33.420Z",
                "sha1_fingerprint": "ee42c37457d9360dd1701cc0cf2ca29da6e23359"
              }
            ],
            "service_account_email_address": "p545398873589-1yc5bd@gcp-sa-cloud-sql.iam.gserviceaccount.com",
            "settings": [
              {
                "activation_policy": "ALWAYS",
                "authorized_gae_applications": null,
                "availability_type": "ZONAL",
                "backup_configuration": [
                  {
                    "binary_log_enabled": false,
                    "enabled": false,
                    "location": "",
                    "start_time": "15:00"
                  }
                ],
                "crash_safe_replication": false,
                "database_flags": [],
                "disk_autoresize": true,
                "disk_size": 10,
                "disk_type": "PD_SSD",
                "ip_configuration": [
                  {
                    "authorized_networks": [],
                    "ipv4_enabled": true,
                    "private_network": "",
                    "require_ssl": false
                  }
                ],
                "location_preference": [
                  {
                    "follow_gae_application": "",
                    "zone": "us-west1-a"
                  }
                ],
                "maintenance_window": [],
                "pricing_plan": "PER_USE",
                "replication_type": "SYNCHRONOUS",
                "tier": "db-f1-micro",
                "user_labels": null,
                "version": 1
              }
            ],
            "timeouts": null
          },
          "sensitive_attributes": [],
          "private": "eyJlMmJmYjczMC1lY2FhLTExZTYtOGY4OC0zNDM2M2JjN2M0YzAiOnsiY3JlYXRlIjoxMjAwMDAwMDAwMDAwLCJkZWxldGUiOjEyMDAwMDAwMDAwMDAsInVwZGF0ZSI6MTIwMDAwMDAwMDAwMH19"
        }
      ]
    }
  ],
  "check_results": null
}
